
Microsoft Visual Studio Solution File, Format Version 12.00
Project("{2150E333-8FDC-42A3-9474-1A3956D46DE8}") = "src", "src", "{F1A8CB0D-8EA2-4504-A44E-6B1A7F3299C7}"
EndProject
Project("{2150E333-8FDC-42A3-9474-1A3956D46DE8}") = "core", "core", "{049ECFFB-D4A3-455E-82BB-375C7C38755F}"
EndProject
Project("{2150E333-8FDC-42A3-9474-1A3956D46DE8}") = "kodlama.io", "kodlama.io", "{B16D1A4F-8BD1-4213-90FA-85FBCD432600}"
EndProject
Project("{FAE04EC0-301F-11D3-BF4B-00C04F79EFBC}") = "Core.Application", "src\core\Core.Application\Core.Application.csproj", "{105F651B-7511-421F-888D-0C2DD5096059}"
EndProject
Project("{FAE04EC0-301F-11D3-BF4B-00C04F79EFBC}") = "Core.CrossCuttingConcerns", "src\core\Core.CrossCuttingConcers\Core.CrossCuttingConcerns.csproj", "{36712587-A044-475F-A32E-29115A2CB10C}"
EndProject
Project("{FAE04EC0-301F-11D3-BF4B-00C04F79EFBC}") = "Core.ElasticSearch", "src\core\Core.ElasticSearch\Core.ElasticSearch.csproj", "{6DBC1DCD-5D00-4026-8B8B-1E86BB283212}"
EndProject
Project("{FAE04EC0-301F-11D3-BF4B-00C04F79EFBC}") = "Core.Mailing", "src\core\Core.Mailing\Core.Mailing.csproj", "{5B8819DF-CCF4-41FE-A9DF-FCBFAB45F5DD}"
EndProject
Project("{FAE04EC0-301F-11D3-BF4B-00C04F79EFBC}") = "Core.Persistence", "src\core\Core.Persistence\Core.Persistence.csproj", "{16E9A669-1A32-4D82-805F-8010BF359D77}"
EndProject
Project("{FAE04EC0-301F-11D3-BF4B-00C04F79EFBC}") = "Core.Security", "src\core\Core.Security\Core.Security.csproj", "{7694E112-5DB2-460E-94B7-97EC714DE06A}"
EndProject
Project("{FAE04EC0-301F-11D3-BF4B-00C04F79EFBC}") = "Application", "src\kodlama.io\Application\Application.csproj", "{B7C09D49-DC7E-42EB-B79D-BFFCC7918C0D}"
EndProject
Project("{FAE04EC0-301F-11D3-BF4B-00C04F79EFBC}") = "Domain", "src\kodlama.io\Domain\Domain.csproj", "{D3CA55D8-AFEF-4435-A21A-B9CA171F0ACA}"
EndProject
Project("{FAE04EC0-301F-11D3-BF4B-00C04F79EFBC}") = "Infrasturcture", "src\kodlama.io\Infrasturcture\Infrasturcture.csproj", "{4F80A399-5080-4EAB-A6FA-8CFE84E9202F}"
EndProject
Project("{FAE04EC0-301F-11D3-BF4B-00C04F79EFBC}") = "Api", "src\kodlama.io\Api\Api.csproj", "{5FF2579D-91AD-420C-9ECE-AC55E3DA6B68}"
EndProject
Project("{FAE04EC0-301F-11D3-BF4B-00C04F79EFBC}") = "Persistence", "src\kodlama.io\Persistence\Persistence.csproj", "{3EE5DA4E-760A-478D-BD7B-62455E9AC0EE}"
EndProject
Global
	GlobalSection(SolutionConfigurationPlatforms) = preSolution
		Debug|Any CPU = Debug|Any CPU
		Release|Any CPU = Release|Any CPU
	EndGlobalSection
	GlobalSection(NestedProjects) = preSolution
		{049ECFFB-D4A3-455E-82BB-375C7C38755F} = {F1A8CB0D-8EA2-4504-A44E-6B1A7F3299C7}
		{B16D1A4F-8BD1-4213-90FA-85FBCD432600} = {F1A8CB0D-8EA2-4504-A44E-6B1A7F3299C7}
		{105F651B-7511-421F-888D-0C2DD5096059} = {049ECFFB-D4A3-455E-82BB-375C7C38755F}
		{36712587-A044-475F-A32E-29115A2CB10C} = {049ECFFB-D4A3-455E-82BB-375C7C38755F}
		{6DBC1DCD-5D00-4026-8B8B-1E86BB283212} = {049ECFFB-D4A3-455E-82BB-375C7C38755F}
		{5B8819DF-CCF4-41FE-A9DF-FCBFAB45F5DD} = {049ECFFB-D4A3-455E-82BB-375C7C38755F}
		{16E9A669-1A32-4D82-805F-8010BF359D77} = {049ECFFB-D4A3-455E-82BB-375C7C38755F}
		{7694E112-5DB2-460E-94B7-97EC714DE06A} = {049ECFFB-D4A3-455E-82BB-375C7C38755F}
		{B7C09D49-DC7E-42EB-B79D-BFFCC7918C0D} = {B16D1A4F-8BD1-4213-90FA-85FBCD432600}
		{D3CA55D8-AFEF-4435-A21A-B9CA171F0ACA} = {B16D1A4F-8BD1-4213-90FA-85FBCD432600}
		{4F80A399-5080-4EAB-A6FA-8CFE84E9202F} = {B16D1A4F-8BD1-4213-90FA-85FBCD432600}
		{5FF2579D-91AD-420C-9ECE-AC55E3DA6B68} = {B16D1A4F-8BD1-4213-90FA-85FBCD432600}
		{3EE5DA4E-760A-478D-BD7B-62455E9AC0EE} = {B16D1A4F-8BD1-4213-90FA-85FBCD432600}
	EndGlobalSection
	GlobalSection(ProjectConfigurationPlatforms) = postSolution
		{105F651B-7511-421F-888D-0C2DD5096059}.Debug|Any CPU.ActiveCfg = Debug|Any CPU
		{105F651B-7511-421F-888D-0C2DD5096059}.Debug|Any CPU.Build.0 = Debug|Any CPU
		{105F651B-7511-421F-888D-0C2DD5096059}.Release|Any CPU.ActiveCfg = Release|Any CPU
		{105F651B-7511-421F-888D-0C2DD5096059}.Release|Any CPU.Build.0 = Release|Any CPU
		{36712587-A044-475F-A32E-29115A2CB10C}.Debug|Any CPU.ActiveCfg = Debug|Any CPU
		{36712587-A044-475F-A32E-29115A2CB10C}.Debug|Any CPU.Build.0 = Debug|Any CPU
		{36712587-A044-475F-A32E-29115A2CB10C}.Release|Any CPU.ActiveCfg = Release|Any CPU
		{36712587-A044-475F-A32E-29115A2CB10C}.Release|Any CPU.Build.0 = Release|Any CPU
		{6DBC1DCD-5D00-4026-8B8B-1E86BB283212}.Debug|Any CPU.ActiveCfg = Debug|Any CPU
		{6DBC1DCD-5D00-4026-8B8B-1E86BB283212}.Debug|Any CPU.Build.0 = Debug|Any CPU
		{6DBC1DCD-5D00-4026-8B8B-1E86BB283212}.Release|Any CPU.ActiveCfg = Release|Any CPU
		{6DBC1DCD-5D00-4026-8B8B-1E86BB283212}.Release|Any CPU.Build.0 = Release|Any CPU
		{5B8819DF-CCF4-41FE-A9DF-FCBFAB45F5DD}.Debug|Any CPU.ActiveCfg = Debug|Any CPU
		{5B8819DF-CCF4-41FE-A9DF-FCBFAB45F5DD}.Debug|Any CPU.Build.0 = Debug|Any CPU
		{5B8819DF-CCF4-41FE-A9DF-FCBFAB45F5DD}.Release|Any CPU.ActiveCfg = Release|Any CPU
		{5B8819DF-CCF4-41FE-A9DF-FCBFAB45F5DD}.Release|Any CPU.Build.0 = Release|Any CPU
		{16E9A669-1A32-4D82-805F-8010BF359D77}.Debug|Any CPU.ActiveCfg = Debug|Any CPU
		{16E9A669-1A32-4D82-805F-8010BF359D77}.Debug|Any CPU.Build.0 = Debug|Any CPU
		{16E9A669-1A32-4D82-805F-8010BF359D77}.Release|Any CPU.ActiveCfg = Release|Any CPU
		{16E9A669-1A32-4D82-805F-8010BF359D77}.Release|Any CPU.Build.0 = Release|Any CPU
		{7694E112-5DB2-460E-94B7-97EC714DE06A}.Debug|Any CPU.ActiveCfg = Debug|Any CPU
		{7694E112-5DB2-460E-94B7-97EC714DE06A}.Debug|Any CPU.Build.0 = Debug|Any CPU
		{7694E112-5DB2-460E-94B7-97EC714DE06A}.Release|Any CPU.ActiveCfg = Release|Any CPU
		{7694E112-5DB2-460E-94B7-97EC714DE06A}.Release|Any CPU.Build.0 = Release|Any CPU
		{B7C09D49-DC7E-42EB-B79D-BFFCC7918C0D}.Debug|Any CPU.ActiveCfg = Debug|Any CPU
		{B7C09D49-DC7E-42EB-B79D-BFFCC7918C0D}.Debug|Any CPU.Build.0 = Debug|Any CPU
		{B7C09D49-DC7E-42EB-B79D-BFFCC7918C0D}.Release|Any CPU.ActiveCfg = Release|Any CPU
		{B7C09D49-DC7E-42EB-B79D-BFFCC7918C0D}.Release|Any CPU.Build.0 = Release|Any CPU
		{D3CA55D8-AFEF-4435-A21A-B9CA171F0ACA}.Debug|Any CPU.ActiveCfg = Debug|Any CPU
		{D3CA55D8-AFEF-4435-A21A-B9CA171F0ACA}.Debug|Any CPU.Build.0 = Debug|Any CPU
		{D3CA55D8-AFEF-4435-A21A-B9CA171F0ACA}.Release|Any CPU.ActiveCfg = Release|Any CPU
		{D3CA55D8-AFEF-4435-A21A-B9CA171F0ACA}.Release|Any CPU.Build.0 = Release|Any CPU
		{4F80A399-5080-4EAB-A6FA-8CFE84E9202F}.Debug|Any CPU.ActiveCfg = Debug|Any CPU
		{4F80A399-5080-4EAB-A6FA-8CFE84E9202F}.Debug|Any CPU.Build.0 = Debug|Any CPU
		{4F80A399-5080-4EAB-A6FA-8CFE84E9202F}.Release|Any CPU.ActiveCfg = Release|Any CPU
		{4F80A399-5080-4EAB-A6FA-8CFE84E9202F}.Release|Any CPU.Build.0 = Release|Any CPU
		{5FF2579D-91AD-420C-9ECE-AC55E3DA6B68}.Debug|Any CPU.ActiveCfg = Debug|Any CPU
		{5FF2579D-91AD-420C-9ECE-AC55E3DA6B68}.Debug|Any CPU.Build.0 = Debug|Any CPU
		{5FF2579D-91AD-420C-9ECE-AC55E3DA6B68}.Release|Any CPU.ActiveCfg = Release|Any CPU
		{5FF2579D-91AD-420C-9ECE-AC55E3DA6B68}.Release|Any CPU.Build.0 = Release|Any CPU
		{3EE5DA4E-760A-478D-BD7B-62455E9AC0EE}.Debug|Any CPU.ActiveCfg = Debug|Any CPU
		{3EE5DA4E-760A-478D-BD7B-62455E9AC0EE}.Debug|Any CPU.Build.0 = Debug|Any CPU
		{3EE5DA4E-760A-478D-BD7B-62455E9AC0EE}.Release|Any CPU.ActiveCfg = Release|Any CPU
		{3EE5DA4E-760A-478D-BD7B-62455E9AC0EE}.Release|Any CPU.Build.0 = Release|Any CPU
	EndGlobalSection
	GlobalSection(RiderSharedRunConfigurations) = postSolution
		File = src\kodlama.io\Api\Api.run.xml
	EndGlobalSection
EndGlobal
